
Microsoft Visual Studio Solution File, Format Version 12.00
# Visual Studio Version 17
VisualStudioVersion = 17.7.34003.232
MinimumVisualStudioVersion = 10.0.40219.1
Project("{9A19103F-16F7-4668-BE54-9A1E7A4F7556}") = "SortedCargo", "SortedCargo\SortedCargo.csproj", "{60348952-5A1B-4168-94AB-664735D29C04}"
EndProject
Global
	GlobalSection(SolutionConfigurationPlatforms) = preSolution
		Debug|Any CPU = Debug|Any CPU
		Release|Any CPU = Release|Any CPU
	EndGlobalSection
	GlobalSection(ProjectConfigurationPlatforms) = postSolution
		{60348952-5A1B-4168-94AB-664735D29C04}.Debug|Any CPU.ActiveCfg = Debug|Any CPU
		{60348952-5A1B-4168-94AB-664735D29C04}.Debug|Any CPU.Build.0 = Debug|Any CPU
		{60348952-5A1B-4168-94AB-664735D29C04}.Release|Any CPU.ActiveCfg = Release|Any CPU
		{60348952-5A1B-4168-94AB-664735D29C04}.Release|Any CPU.Build.0 = Release|Any CPU
	EndGlobalSection
	GlobalSection(SolutionProperties) = preSolution
		HideSolutionNode = FALSE
	EndGlobalSection
	GlobalSection(ExtensibilityGlobals) = postSolution
		SolutionGuid = {444CA743-AEA5-4042-9760-C01C11362A7A}
	EndGlobalSection
EndGlobal
